# THIS IS AN AUTOGENERATED FILE. DO NOT EDIT THIS FILE DIRECTLY.
# yarn lockfile v1


"@cloudflare/kv-asset-handler@^0.0.5":
  version "0.0.5"
  resolved "https://registry.yarnpkg.com/@cloudflare/kv-asset-handler/-/kv-asset-handler-0.0.5.tgz#7719c9f2cbe9516e0e3839bb0dc228dd3e399d74"
  integrity sha512-7yLMAUZD1XQNKzmktYCcUUPB+wXmQENv1MMi8QEMs0rzL01e0XEyCUUDauRXHzxi7dBbSUGA5RS23h890ncKog==
  dependencies:
    mime "^2.4.4"

cloudworker-router@^1.10.0:
  version "1.10.0"
  resolved "https://registry.yarnpkg.com/cloudworker-router/-/cloudworker-router-1.10.0.tgz#84379a25c44f0301e9c25eb97fecdf5ad6471558"
  integrity sha512-67y3uEPt7rsQw48JGxzGynpk+l1vMwOp8atd0UumcSZTi/DEQKDMpI9hKb/EkAjzQEbzpL9DH4nqQXdg6hK0Dw==

mime@^2.4.4:
  version "2.4.5"
  resolved "https://registry.yarnpkg.com/mime/-/mime-2.4.5.tgz#d8de2ecb92982dedbb6541c9b6841d7f218ea009"
  integrity sha512-3hQhEUF027BuxZjQA3s7rIv/7VCQPa27hN9u9g87sEkWaKwQPuXOkVKtOeiyUrnWqTDiOs8Ed2rwg733mB0R5w==
